
Microsoft Visual Studio Solution File, Format Version 12.00
# Visual Studio Version 16
VisualStudioVersion = 16.0.31624.102
MinimumVisualStudioVersion = 10.0.40219.1
Project("{9A19103F-16F7-4668-BE54-9A1E7A4F7556}") = "Core", "Core\Core.csproj", "{9ADEA19F-01C3-4F8B-AACB-763A96570A7E}"
EndProject
Project("{9A19103F-16F7-4668-BE54-9A1E7A4F7556}") = "ConsoleApp", "ConsoleApp\ConsoleApp.csproj", "{9412F573-E2AB-48DE-B79F-07A0BDCFBB20}"
EndProject
Project("{FAE04EC0-301F-11D3-BF4B-00C04F79EFBC}") = "CoreTest", "CoreTest\CoreTest.csproj", "{0D39F299-C558-4CED-9D4C-959608E5A6F8}"
EndProject
Global
	GlobalSection(SolutionConfigurationPlatforms) = preSolution
		Debug|Any CPU = Debug|Any CPU
		Release|Any CPU = Release|Any CPU
	EndGlobalSection
	GlobalSection(ProjectConfigurationPlatforms) = postSolution
		{9ADEA19F-01C3-4F8B-AACB-763A96570A7E}.Debug|Any CPU.ActiveCfg = Debug|Any CPU
		{9ADEA19F-01C3-4F8B-AACB-763A96570A7E}.Debug|Any CPU.Build.0 = Debug|Any CPU
		{9ADEA19F-01C3-4F8B-AACB-763A96570A7E}.Release|Any CPU.ActiveCfg = Release|Any CPU
		{9ADEA19F-01C3-4F8B-AACB-763A96570A7E}.Release|Any CPU.Build.0 = Release|Any CPU
		{9412F573-E2AB-48DE-B79F-07A0BDCFBB20}.Debug|Any CPU.ActiveCfg = Debug|Any CPU
		{9412F573-E2AB-48DE-B79F-07A0BDCFBB20}.Debug|Any CPU.Build.0 = Debug|Any CPU
		{9412F573-E2AB-48DE-B79F-07A0BDCFBB20}.Release|Any CPU.ActiveCfg = Release|Any CPU
		{9412F573-E2AB-48DE-B79F-07A0BDCFBB20}.Release|Any CPU.Build.0 = Release|Any CPU
		{0D39F299-C558-4CED-9D4C-959608E5A6F8}.Debug|Any CPU.ActiveCfg = Debug|Any CPU
		{0D39F299-C558-4CED-9D4C-959608E5A6F8}.Debug|Any CPU.Build.0 = Debug|Any CPU
		{0D39F299-C558-4CED-9D4C-959608E5A6F8}.Release|Any CPU.ActiveCfg = Release|Any CPU
		{0D39F299-C558-4CED-9D4C-959608E5A6F8}.Release|Any CPU.Build.0 = Release|Any CPU
	EndGlobalSection
	GlobalSection(SolutionProperties) = preSolution
		HideSolutionNode = FALSE
	EndGlobalSection
	GlobalSection(ExtensibilityGlobals) = postSolution
		SolutionGuid = {C9F6A35F-3795-463A-AB7F-D0FAEFC54250}
	EndGlobalSection
EndGlobal
